
Microsoft Visual Studio Solution File, Format Version 12.00
# Visual Studio Version 17
VisualStudioVersion = 17.3.32929.385
MinimumVisualStudioVersion = 10.0.40219.1
Project("{FAE04EC0-301F-11D3-BF4B-00C04F79EFBC}") = "PIA-PROWEB", "PIA-PROWEB\PIA-PROWEB.csproj", "{22812BDC-FFD9-4E97-96F9-034D1191A23F}"
EndProject
Global
	GlobalSection(SolutionConfigurationPlatforms) = preSolution
		Debug|Any CPU = Debug|Any CPU
		Release|Any CPU = Release|Any CPU
	EndGlobalSection
	GlobalSection(ProjectConfigurationPlatforms) = postSolution
		{22812BDC-FFD9-4E97-96F9-034D1191A23F}.Debug|Any CPU.ActiveCfg = Debug|Any CPU
		{22812BDC-FFD9-4E97-96F9-034D1191A23F}.Debug|Any CPU.Build.0 = Debug|Any CPU
		{22812BDC-FFD9-4E97-96F9-034D1191A23F}.Release|Any CPU.ActiveCfg = Release|Any CPU
		{22812BDC-FFD9-4E97-96F9-034D1191A23F}.Release|Any CPU.Build.0 = Release|Any CPU
	EndGlobalSection
	GlobalSection(SolutionProperties) = preSolution
		HideSolutionNode = FALSE
	EndGlobalSection
	GlobalSection(ExtensibilityGlobals) = postSolution
		SolutionGuid = {56623F44-0B05-4D2F-B96E-90ED78C18257}
	EndGlobalSection
EndGlobal
